{
  "name": "zuragan-gui",
  "version": "1.0.0",
  "lockfileVersion": 1,
  "requires": true,
  "dependencies": {
    "accounting": {
      "version": "0.4.1",
      "resolved": "https://registry.npmjs.org/accounting/-/accounting-0.4.1.tgz",
      "integrity": "sha1-h91BA+/39EYPHhhvXGd+1s9WaIM="
    },
    "axios": {
      "version": "0.16.2",
      "resolved": "https://registry.npmjs.org/axios/-/axios-0.16.2.tgz",
      "integrity": "sha1-uk+S8XFn37q0CYN4VFS5rBScPG0=",
      "requires": {
        "follow-redirects": "1.2.4",
        "is-buffer": "1.1.5"
      }
    },
    "date-fns": {
      "version": "1.28.5",
      "resolved": "https://registry.npmjs.org/date-fns/-/date-fns-1.28.5.tgz",
      "integrity": "sha1-JXz8RdMi30XvVlhmWWfuhBzXP68="
    },
    "debug": {
      "version": "2.6.8",
      "resolved": "https://registry.npmjs.org/debug/-/debug-2.6.8.tgz",
      "integrity": "sha1-5zFTHKLt4n0YgiJCfaF4IdaP9Pw=",
      "requires": {
        "ms": "2.0.0"
      }
    },
    "es6-promise": {
      "version": "4.1.1",
      "resolved": "https://registry.npmjs.org/es6-promise/-/es6-promise-4.1.1.tgz",
      "integrity": "sha512-OaU1hHjgJf+b0NzsxCg7NdIYERD6Hy/PEmFLTjw+b65scuisG3Kt4QoTvJ66BBkPZ581gr0kpoVzKnxniM8nng=="
    },
    "flatpickr": {
      "version": "3.0.7",
      "resolved": "https://registry.npmjs.org/flatpickr/-/flatpickr-3.0.7.tgz",
      "integrity": "sha512-wcs8au1XU5Sqm3KQLY7SN7W3DDzrUv9Lp364rZyZpXkqMYpE4XezKKMEhwjMUotEMNdfj4/pd2573FLyFZrIjQ=="
    },
    "follow-redirects": {
      "version": "1.2.4",
      "resolved": "https://registry.npmjs.org/follow-redirects/-/follow-redirects-1.2.4.tgz",
      "integrity": "sha512-Suw6KewLV2hReSyEOeql+UUkBVyiBm3ok1VPrVFRZnQInWpdoZbbiG5i8aJVSjTr0yQ4Ava0Sh6/joCg1Brdqw==",
      "requires": {
        "debug": "2.6.8"
      }
    },
    "function-bind": {
      "version": "1.1.1",
      "resolved": "https://registry.npmjs.org/function-bind/-/function-bind-1.1.1.tgz",
      "integrity": "sha512-yIovAzMX49sF8Yl58fSCWJ5svSLuaibPxXQJFLmBObTuCr0Mf1KiPopGM9NiFjiYBCbfaa2Fh6breQ6ANVTI0A=="
    },
    "has": {
      "version": "1.0.1",
      "resolved": "https://registry.npmjs.org/has/-/has-1.0.1.tgz",
      "integrity": "sha1-hGFzP1OLCDfJNh45qauelwTcLyg=",
      "requires": {
        "function-bind": "1.1.1"
      }
    },
    "is-buffer": {
      "version": "1.1.5",
      "resolved": "https://registry.npmjs.org/is-buffer/-/is-buffer-1.1.5.tgz",
      "integrity": "sha1-Hzsm72E7IUuIy8ojzGwB2Hlh7sw="
    },
    "js-cookie": {
      "version": "2.1.4",
      "resolved": "https://registry.npmjs.org/js-cookie/-/js-cookie-2.1.4.tgz",
      "integrity": "sha1-2k7FA4ZvFJ0WTPJfV57zEBUCXY0="
    },
    "lodash": {
      "version": "4.17.4",
      "resolved": "https://registry.npmjs.org/lodash/-/lodash-4.17.4.tgz",
      "integrity": "sha1-eCA6TRwyiuHYbcpkYONptX9AVa4="
    },
    "ms": {
      "version": "2.0.0",
      "resolved": "https://registry.npmjs.org/ms/-/ms-2.0.0.tgz",
      "integrity": "sha1-VgiurfwAvmwpAd9fmGF4jeDVl8g="
    },
    "store": {
      "version": "2.0.12",
      "resolved": "https://registry.npmjs.org/store/-/store-2.0.12.tgz",
      "integrity": "sha1-jFNOKguDH3K3X8XxEZhXxE711ZM="
    },
    "sweetalert2": {
      "version": "6.8.0",
      "resolved": "https://registry.npmjs.org/sweetalert2/-/sweetalert2-6.8.0.tgz",
      "integrity": "sha512-WpAhV9mBKHSB8ie1LBr7tUCTnB5MizjmV14JBfRx7CRcBDkfnmadtbmSfEKPOgrR3vPkiMYC3xBzja77iJx9ZQ=="
    },
    "vue": {
      "version": "2.4.4",
      "resolved": "https://registry.npmjs.org/vue/-/vue-2.4.4.tgz",
      "integrity": "sha512-PCiRmc8ZT1DD5+BN8QUAmnkBefcCLfZVSuhc1u7iu5JoPrSHyyk/+4nehm7k2xVMi8+RFLk5WIHAN14UKF0txw=="
    },
    "vue-infinite-scroll": {
      "version": "2.0.1",
      "resolved": "https://registry.npmjs.org/vue-infinite-scroll/-/vue-infinite-scroll-2.0.1.tgz",
      "integrity": "sha1-9Bi9XNyl4Wg3zjt4MzgyKIcp5mA="
    },
    "vue-router": {
      "version": "2.7.0",
      "resolved": "https://registry.npmjs.org/vue-router/-/vue-router-2.7.0.tgz",
      "integrity": "sha512-kxgsT50dDExua3i103nxNBjlfk8LeUmO9iujVxXV42MnISINHUjqMrknpOOJEg+i9nEkoVgG8N86Pklze35c/A=="
    },
    "vue-select": {
      "version": "1.3.3",
      "resolved": "https://registry.npmjs.org/vue-select/-/vue-select-1.3.3.tgz",
      "integrity": "sha1-KzNDJnaaLIv4ssgCxjI6gwWp6g8="
    },
    "vue-validator": {
      "version": "3.0.0-alpha.2",
      "resolved": "https://registry.npmjs.org/vue-validator/-/vue-validator-3.0.0-alpha.2.tgz",
      "integrity": "sha1-/9t5e75e/fyMMFD5gZg+oNtw3Bw="
    },
    "vuex": {
      "version": "2.4.0",
      "resolved": "https://registry.npmjs.org/vuex/-/vuex-2.4.0.tgz",
      "integrity": "sha512-Jin6dmhB3rMXrNbOZH15F20idQ4F7YH5lTzkxITnooCkKO22nJlsMmDXI45kEiLZ9x7Z7UYlZt8/CFohQmFaHA=="
    },
    "vuex-router-sync": {
      "version": "4.3.1",
      "resolved": "https://registry.npmjs.org/vuex-router-sync/-/vuex-router-sync-4.3.1.tgz",
      "integrity": "sha512-n/NUX3qrS5xVCDXIZIqC5PvooTnxPLgCtgE9jockKZkwAjmcrZlyWBJKCnv5wYcSxpZyiaWKUsgX6Y1VsFIV9w=="
    }
  }
}
